
Microsoft Visual Studio Solution File, Format Version 12.00
# Visual Studio Version 17
VisualStudioVersion = 17.0.32112.339
MinimumVisualStudioVersion = 10.0.40219.1
Project("{9A19103F-16F7-4668-BE54-9A1E7A4F7556}") = "JJS.Api", "JJS.Api\JJS.Api.csproj", "{7B6BAA9A-F1F0-41EE-9C0F-E7D0B6C64EFF}"
EndProject
Project("{E24C65DC-7377-472B-9ABA-BC803B73C61A}") = "jjs-web", "jjs-web\", "{21B81E9A-0F0F-45CD-B121-600EB8C01D8D}"
	ProjectSection(WebsiteProperties) = preProject
		TargetFrameworkMoniker = ".NETFramework,Version%3Dv4.0"
		Debug.AspNetCompiler.VirtualPath = "/localhost_58387"
		Debug.AspNetCompiler.PhysicalPath = "jjs-web\"
		Debug.AspNetCompiler.TargetPath = "PrecompiledWeb\localhost_58387\"
		Debug.AspNetCompiler.Updateable = "true"
		Debug.AspNetCompiler.ForceOverwrite = "true"
		Debug.AspNetCompiler.FixedNames = "false"
		Debug.AspNetCompiler.Debug = "True"
		Release.AspNetCompiler.VirtualPath = "/localhost_58387"
		Release.AspNetCompiler.PhysicalPath = "jjs-web\"
		Release.AspNetCompiler.TargetPath = "PrecompiledWeb\localhost_58387\"
		Release.AspNetCompiler.Updateable = "true"
		Release.AspNetCompiler.ForceOverwrite = "true"
		Release.AspNetCompiler.FixedNames = "false"
		Release.AspNetCompiler.Debug = "False"
		VWDPort = "58387"
		SlnRelativePath = "jjs-web\"
	EndProjectSection
EndProject
Project("{00D1A9C2-B5F0-4AF3-8072-F6C62B433612}") = "Database", "Database\Database.sqlproj", "{747E72CC-FC89-43D0-B4D1-D78409C6FE07}"
EndProject
Global
	GlobalSection(SolutionConfigurationPlatforms) = preSolution
		Debug|Any CPU = Debug|Any CPU
		Release|Any CPU = Release|Any CPU
	EndGlobalSection
	GlobalSection(ProjectConfigurationPlatforms) = postSolution
		{7B6BAA9A-F1F0-41EE-9C0F-E7D0B6C64EFF}.Debug|Any CPU.ActiveCfg = Debug|Any CPU
		{7B6BAA9A-F1F0-41EE-9C0F-E7D0B6C64EFF}.Debug|Any CPU.Build.0 = Debug|Any CPU
		{7B6BAA9A-F1F0-41EE-9C0F-E7D0B6C64EFF}.Release|Any CPU.ActiveCfg = Release|Any CPU
		{7B6BAA9A-F1F0-41EE-9C0F-E7D0B6C64EFF}.Release|Any CPU.Build.0 = Release|Any CPU
		{21B81E9A-0F0F-45CD-B121-600EB8C01D8D}.Debug|Any CPU.ActiveCfg = Debug|Any CPU
		{21B81E9A-0F0F-45CD-B121-600EB8C01D8D}.Debug|Any CPU.Build.0 = Debug|Any CPU
		{21B81E9A-0F0F-45CD-B121-600EB8C01D8D}.Release|Any CPU.ActiveCfg = Debug|Any CPU
		{21B81E9A-0F0F-45CD-B121-600EB8C01D8D}.Release|Any CPU.Build.0 = Debug|Any CPU
		{747E72CC-FC89-43D0-B4D1-D78409C6FE07}.Debug|Any CPU.ActiveCfg = Debug|Any CPU
		{747E72CC-FC89-43D0-B4D1-D78409C6FE07}.Debug|Any CPU.Build.0 = Debug|Any CPU
		{747E72CC-FC89-43D0-B4D1-D78409C6FE07}.Debug|Any CPU.Deploy.0 = Debug|Any CPU
		{747E72CC-FC89-43D0-B4D1-D78409C6FE07}.Release|Any CPU.ActiveCfg = Release|Any CPU
		{747E72CC-FC89-43D0-B4D1-D78409C6FE07}.Release|Any CPU.Build.0 = Release|Any CPU
		{747E72CC-FC89-43D0-B4D1-D78409C6FE07}.Release|Any CPU.Deploy.0 = Release|Any CPU
	EndGlobalSection
	GlobalSection(SolutionProperties) = preSolution
		HideSolutionNode = FALSE
	EndGlobalSection
	GlobalSection(ExtensibilityGlobals) = postSolution
		SolutionGuid = {FA7D36C5-8888-44D3-A860-7C44CA6BD5E5}
	EndGlobalSection
EndGlobal
