
Microsoft Visual Studio Solution File, Format Version 12.00
# Visual Studio Version 18
VisualStudioVersion = 18.4.11605.240
MinimumVisualStudioVersion = 10.0.40219.1
Project("{00D1A9C2-B5F0-4AF3-8072-F6C62B433612}") = "Database", "Database\Database.sqlproj", "{747E72CC-FC89-43D0-B4D1-D78409C6FE07}"
EndProject
Project("{FAE04EC0-301F-11D3-BF4B-00C04F79EFBC}") = "JJS.Api", "JJS.Api\JJS.Api.csproj", "{8C01BE5A-B16E-0BFA-7B54-08900DA3198D}"
EndProject
Project("{2150E333-8FDC-42A3-9474-1A3956D46DE8}") = "Aspire", "Aspire", "{99A515DD-3D89-458F-877F-6C162C41006A}"
EndProject
Project("{FAE04EC0-301F-11D3-BF4B-00C04F79EFBC}") = "JJS.AppHost", "Aspire\JJS.AppHost\JJS.AppHost.csproj", "{0C63DE2C-6B85-81A9-51C7-F018A890D360}"
EndProject
Project("{FAE04EC0-301F-11D3-BF4B-00C04F79EFBC}") = "JJS.ServiceDefaults", "Aspire\JJS.ServiceDefaults\JJS.ServiceDefaults.csproj", "{9877EA32-3807-BD1A-D0B1-D9AB764054B3}"
EndProject
Project("{E24C65DC-7377-472B-9ABA-BC803B73C61A}") = "jjs-web", "jjs-web\", "{21B81E9A-0F0F-45CD-B121-600EB8C01D8D}"
	ProjectSection(WebsiteProperties) = preProject
		TargetFrameworkMoniker = ".NETFramework,Version%3Dv4.0"
		Debug.AspNetCompiler.VirtualPath = "/localhost_58387"
		Debug.AspNetCompiler.PhysicalPath = "jjs-web\"
		Debug.AspNetCompiler.TargetPath = "PrecompiledWeb\localhost_58387\"
		Debug.AspNetCompiler.Updateable = "true"
		Debug.AspNetCompiler.ForceOverwrite = "true"
		Debug.AspNetCompiler.FixedNames = "false"
		Debug.AspNetCompiler.Debug = "True"
		Release.AspNetCompiler.VirtualPath = "/localhost_58387"
		Release.AspNetCompiler.PhysicalPath = "jjs-web\"
		Release.AspNetCompiler.TargetPath = "PrecompiledWeb\localhost_58387\"
		Release.AspNetCompiler.Updateable = "true"
		Release.AspNetCompiler.ForceOverwrite = "true"
		Release.AspNetCompiler.FixedNames = "false"
		Release.AspNetCompiler.Debug = "False"
		VWDPort = "58387"
		SlnRelativePath = "jjs-web\"
	EndProjectSection
EndProject
Global
	GlobalSection(SolutionConfigurationPlatforms) = preSolution
		Debug|Any CPU = Debug|Any CPU
		Release|Any CPU = Release|Any CPU
	EndGlobalSection
	GlobalSection(ProjectConfigurationPlatforms) = postSolution
		{747E72CC-FC89-43D0-B4D1-D78409C6FE07}.Debug|Any CPU.ActiveCfg = Debug|Any CPU
		{747E72CC-FC89-43D0-B4D1-D78409C6FE07}.Debug|Any CPU.Build.0 = Debug|Any CPU
		{747E72CC-FC89-43D0-B4D1-D78409C6FE07}.Debug|Any CPU.Deploy.0 = Debug|Any CPU
		{747E72CC-FC89-43D0-B4D1-D78409C6FE07}.Release|Any CPU.ActiveCfg = Release|Any CPU
		{747E72CC-FC89-43D0-B4D1-D78409C6FE07}.Release|Any CPU.Build.0 = Release|Any CPU
		{747E72CC-FC89-43D0-B4D1-D78409C6FE07}.Release|Any CPU.Deploy.0 = Release|Any CPU
		{8C01BE5A-B16E-0BFA-7B54-08900DA3198D}.Debug|Any CPU.ActiveCfg = Debug|Any CPU
		{8C01BE5A-B16E-0BFA-7B54-08900DA3198D}.Debug|Any CPU.Build.0 = Debug|Any CPU
		{8C01BE5A-B16E-0BFA-7B54-08900DA3198D}.Release|Any CPU.ActiveCfg = Release|Any CPU
		{8C01BE5A-B16E-0BFA-7B54-08900DA3198D}.Release|Any CPU.Build.0 = Release|Any CPU
		{0C63DE2C-6B85-81A9-51C7-F018A890D360}.Debug|Any CPU.ActiveCfg = Debug|Any CPU
		{0C63DE2C-6B85-81A9-51C7-F018A890D360}.Debug|Any CPU.Build.0 = Debug|Any CPU
		{0C63DE2C-6B85-81A9-51C7-F018A890D360}.Release|Any CPU.ActiveCfg = Release|Any CPU
		{0C63DE2C-6B85-81A9-51C7-F018A890D360}.Release|Any CPU.Build.0 = Release|Any CPU
		{9877EA32-3807-BD1A-D0B1-D9AB764054B3}.Debug|Any CPU.ActiveCfg = Debug|Any CPU
		{9877EA32-3807-BD1A-D0B1-D9AB764054B3}.Debug|Any CPU.Build.0 = Debug|Any CPU
		{9877EA32-3807-BD1A-D0B1-D9AB764054B3}.Release|Any CPU.ActiveCfg = Release|Any CPU
		{9877EA32-3807-BD1A-D0B1-D9AB764054B3}.Release|Any CPU.Build.0 = Release|Any CPU
		{21B81E9A-0F0F-45CD-B121-600EB8C01D8D}.Debug|Any CPU.ActiveCfg = Debug|Any CPU
		{21B81E9A-0F0F-45CD-B121-600EB8C01D8D}.Debug|Any CPU.Build.0 = Debug|Any CPU
		{21B81E9A-0F0F-45CD-B121-600EB8C01D8D}.Release|Any CPU.ActiveCfg = Debug|Any CPU
		{21B81E9A-0F0F-45CD-B121-600EB8C01D8D}.Release|Any CPU.Build.0 = Debug|Any CPU
	EndGlobalSection
	GlobalSection(SolutionProperties) = preSolution
		HideSolutionNode = FALSE
	EndGlobalSection
	GlobalSection(NestedProjects) = preSolution
		{0C63DE2C-6B85-81A9-51C7-F018A890D360} = {99A515DD-3D89-458F-877F-6C162C41006A}
		{9877EA32-3807-BD1A-D0B1-D9AB764054B3} = {99A515DD-3D89-458F-877F-6C162C41006A}
	EndGlobalSection
	GlobalSection(ExtensibilityGlobals) = postSolution
		SolutionGuid = {FA7D36C5-8888-44D3-A860-7C44CA6BD5E5}
	EndGlobalSection
EndGlobal
